// !$*UTF8*$!
{
	archiveVersion = 1;
	classes = {
	};
	objectVersion = 55;
	objects = {

/* Begin PBXBuildFile section */
		B5249A29276D007F002E79DF /* bookData.json in Resources */ = {isa = PBXBuildFile; fileRef = B5249A28276D007F002E79DF /* bookData.json */; };
		B5249A32276D0B96002E79DF /* LibraryRow.swift in Sources */ = {isa = PBXBuildFile; fileRef = B5249A31276D0B96002E79DF /* LibraryRow.swift */; };
		B531297B277695E4002E22D6 /* Dashboard.swift in Sources */ = {isa = PBXBuildFile; fileRef = B531297A277695E4002E22D6 /* Dashboard.swift */; };
		B531297E27769980002E22D6 /* Bookmarks.swift in Sources */ = {isa = PBXBuildFile; fileRef = B531297D27769980002E22D6 /* Bookmarks.swift */; };
		B53129802776998D002E22D6 /* Profile.swift in Sources */ = {isa = PBXBuildFile; fileRef = B531297F2776998D002E22D6 /* Profile.swift */; };
		B531298227769B74002E22D6 /* ActiveBook.swift in Sources */ = {isa = PBXBuildFile; fileRef = B531298127769B74002E22D6 /* ActiveBook.swift */; };
		B53129842777D6FA002E22D6 /* ActivityPage.swift in Sources */ = {isa = PBXBuildFile; fileRef = B53129832777D6FA002E22D6 /* ActivityPage.swift */; };
		B5312988277BBC5F002E22D6 /* RecordSession.swift in Sources */ = {isa = PBXBuildFile; fileRef = B5312987277BBC5F002E22D6 /* RecordSession.swift */; };
		B5622425277253C600CD451E /* Summary.swift in Sources */ = {isa = PBXBuildFile; fileRef = B5622424277253C600CD451E /* Summary.swift */; };
		B57549C527865DFA00FF7893 /* DataController.swift in Sources */ = {isa = PBXBuildFile; fileRef = B57549C427865DFA00FF7893 /* DataController.swift */; };
		B59BFF882787AFBA00A51196 /* StickyBooks.xcdatamodeld in Sources */ = {isa = PBXBuildFile; fileRef = B59BFF862787AFBA00A51196 /* StickyBooks.xcdatamodeld */; };
		B59BFF8A2787B24700A51196 /* AddBookView.swift in Sources */ = {isa = PBXBuildFile; fileRef = B59BFF892787B24700A51196 /* AddBookView.swift */; };
		B5D723172759C57F00D96CAF /* StickyBooksApp.swift in Sources */ = {isa = PBXBuildFile; fileRef = B5D723162759C57F00D96CAF /* StickyBooksApp.swift */; };
		B5D723192759C57F00D96CAF /* ContentView.swift in Sources */ = {isa = PBXBuildFile; fileRef = B5D723182759C57F00D96CAF /* ContentView.swift */; };
		B5D7231B2759C58000D96CAF /* Assets.xcassets in Resources */ = {isa = PBXBuildFile; fileRef = B5D7231A2759C58000D96CAF /* Assets.xcassets */; };
		B5D7231E2759C58000D96CAF /* Preview Assets.xcassets in Resources */ = {isa = PBXBuildFile; fileRef = B5D7231D2759C58000D96CAF /* Preview Assets.xcassets */; };
		B5D723282759C58000D96CAF /* StickyBooksTests.swift in Sources */ = {isa = PBXBuildFile; fileRef = B5D723272759C58000D96CAF /* StickyBooksTests.swift */; };
		B5D723322759C58000D96CAF /* StickyBooksUITests.swift in Sources */ = {isa = PBXBuildFile; fileRef = B5D723312759C58000D96CAF /* StickyBooksUITests.swift */; };
		B5D723342759C58000D96CAF /* StickyBooksUITestsLaunchTests.swift in Sources */ = {isa = PBXBuildFile; fileRef = B5D723332759C58000D96CAF /* StickyBooksUITestsLaunchTests.swift */; };
		B5D7E080277D524C00923F54 /* NoteView.swift in Sources */ = {isa = PBXBuildFile; fileRef = B5D7E07F277D524C00923F54 /* NoteView.swift */; };
		B5FA2E80276D21DC00144E85 /* Library.swift in Sources */ = {isa = PBXBuildFile; fileRef = B5FA2E7F276D21DC00144E85 /* Library.swift */; };
		B5FA2E82276D2D4A00144E85 /* BookView.swift in Sources */ = {isa = PBXBuildFile; fileRef = B5FA2E81276D2D4A00144E85 /* BookView.swift */; };
/* End PBXBuildFile section */

/* Begin PBXContainerItemProxy section */
		B5D723242759C58000D96CAF /* PBXContainerItemProxy */ = {
			isa = PBXContainerItemProxy;
			containerPortal = B5D7230B2759C57F00D96CAF /* Project object */;
			proxyType = 1;
			remoteGlobalIDString = B5D723122759C57F00D96CAF;
			remoteInfo = StickyBooks;
		};
		B5D7232E2759C58000D96CAF /* PBXContainerItemProxy */ = {
			isa = PBXContainerItemProxy;
			containerPortal = B5D7230B2759C57F00D96CAF /* Project object */;
			proxyType = 1;
			remoteGlobalIDString = B5D723122759C57F00D96CAF;
			remoteInfo = StickyBooks;
		};
/* End PBXContainerItemProxy section */

/* Begin PBXFileReference section */
		B5249A28276D007F002E79DF /* bookData.json */ = {isa = PBXFileReference; lastKnownFileType = text.json; path = bookData.json; sourceTree = "<group>"; };
		B5249A31276D0B96002E79DF /* LibraryRow.swift */ = {isa = PBXFileReference; lastKnownFileType = sourcecode.swift; path = LibraryRow.swift; sourceTree = "<group>"; };
		B531297A277695E4002E22D6 /* Dashboard.swift */ = {isa = PBXFileReference; lastKnownFileType = sourcecode.swift; path = Dashboard.swift; sourceTree = "<group>"; };
		B531297D27769980002E22D6 /* Bookmarks.swift */ = {isa = PBXFileReference; lastKnownFileType = sourcecode.swift; path = Bookmarks.swift; sourceTree = "<group>"; };
		B531297F2776998D002E22D6 /* Profile.swift */ = {isa = PBXFileReference; lastKnownFileType = sourcecode.swift; path = Profile.swift; sourceTree = "<group>"; };
		B531298127769B74002E22D6 /* ActiveBook.swift */ = {isa = PBXFileReference; lastKnownFileType = sourcecode.swift; path = ActiveBook.swift; sourceTree = "<group>"; };
		B53129832777D6FA002E22D6 /* ActivityPage.swift */ = {isa = PBXFileReference; lastKnownFileType = sourcecode.swift; path = ActivityPage.swift; sourceTree = "<group>"; };
		B5312987277BBC5F002E22D6 /* RecordSession.swift */ = {isa = PBXFileReference; lastKnownFileType = sourcecode.swift; path = RecordSession.swift; sourceTree = "<group>"; };
		B5622424277253C600CD451E /* Summary.swift */ = {isa = PBXFileReference; lastKnownFileType = sourcecode.swift; path = Summary.swift; sourceTree = "<group>"; };
		B57549C427865DFA00FF7893 /* DataController.swift */ = {isa = PBXFileReference; lastKnownFileType = sourcecode.swift; path = DataController.swift; sourceTree = "<group>"; };
		B59BFF872787AFBA00A51196 /* StickyBooks.xcdatamodel */ = {isa = PBXFileReference; lastKnownFileType = wrapper.xcdatamodel; path = StickyBooks.xcdatamodel; sourceTree = "<group>"; };
		B59BFF892787B24700A51196 /* AddBookView.swift */ = {isa = PBXFileReference; lastKnownFileType = sourcecode.swift; path = AddBookView.swift; sourceTree = "<group>"; };
		B5D723132759C57F00D96CAF /* StickyBooks.app */ = {isa = PBXFileReference; explicitFileType = wrapper.application; includeInIndex = 0; path = StickyBooks.app; sourceTree = BUILT_PRODUCTS_DIR; };
		B5D723162759C57F00D96CAF /* StickyBooksApp.swift */ = {isa = PBXFileReference; lastKnownFileType = sourcecode.swift; path = StickyBooksApp.swift; sourceTree = "<group>"; };
		B5D723182759C57F00D96CAF /* ContentView.swift */ = {isa = PBXFileReference; lastKnownFileType = sourcecode.swift; path = ContentView.swift; sourceTree = "<group>"; };
		B5D7231A2759C58000D96CAF /* Assets.xcassets */ = {isa = PBXFileReference; lastKnownFileType = folder.assetcatalog; path = Assets.xcassets; sourceTree = "<group>"; };
		B5D7231D2759C58000D96CAF /* Preview Assets.xcassets */ = {isa = PBXFileReference; lastKnownFileType = folder.assetcatalog; path = "Preview Assets.xcassets"; sourceTree = "<group>"; };
		B5D723232759C58000D96CAF /* StickyBooksTests.xctest */ = {isa = PBXFileReference; explicitFileType = wrapper.cfbundle; includeInIndex = 0; path = StickyBooksTests.xctest; sourceTree = BUILT_PRODUCTS_DIR; };
		B5D723272759C58000D96CAF /* StickyBooksTests.swift */ = {isa = PBXFileReference; lastKnownFileType = sourcecode.swift; path = StickyBooksTests.swift; sourceTree = "<group>"; };
		B5D7232D2759C58000D96CAF /* StickyBooksUITests.xctest */ = {isa = PBXFileReference; explicitFileType = wrapper.cfbundle; includeInIndex = 0; path = StickyBooksUITests.xctest; sourceTree = BUILT_PRODUCTS_DIR; };
		B5D723312759C58000D96CAF /* StickyBooksUITests.swift */ = {isa = PBXFileReference; lastKnownFileType = sourcecode.swift; path = StickyBooksUITests.swift; sourceTree = "<group>"; };
		B5D723332759C58000D96CAF /* StickyBooksUITestsLaunchTests.swift */ = {isa = PBXFileReference; lastKnownFileType = sourcecode.swift; path = StickyBooksUITestsLaunchTests.swift; sourceTree = "<group>"; };
		B5D7E07F277D524C00923F54 /* NoteView.swift */ = {isa = PBXFileReference; lastKnownFileType = sourcecode.swift; path = NoteView.swift; sourceTree = "<group>"; };
		B5FA2E7F276D21DC00144E85 /* Library.swift */ = {isa = PBXFileReference; lastKnownFileType = sourcecode.swift; path = Library.swift; sourceTree = "<group>"; };
		B5FA2E81276D2D4A00144E85 /* BookView.swift */ = {isa = PBXFileReference; lastKnownFileType = sourcecode.swift; path = BookView.swift; sourceTree = "<group>"; };
/* End PBXFileReference section */

/* Begin PBXFrameworksBuildPhase section */
		B5D723102759C57F00D96CAF /* Frameworks */ = {
			isa = PBXFrameworksBuildPhase;
			buildActionMask = 2147483647;
			files = (
			);
			runOnlyForDeploymentPostprocessing = 0;
		};
		B5D723202759C58000D96CAF /* Frameworks */ = {
			isa = PBXFrameworksBuildPhase;
			buildActionMask = 2147483647;
			files = (
			);
			runOnlyForDeploymentPostprocessing = 0;
		};
		B5D7232A2759C58000D96CAF /* Frameworks */ = {
			isa = PBXFrameworksBuildPhase;
			buildActionMask = 2147483647;
			files = (
			);
			runOnlyForDeploymentPostprocessing = 0;
		};
/* End PBXFrameworksBuildPhase section */

/* Begin PBXGroup section */
		B5249A2D276D0135002E79DF /* Resources */ = {
			isa = PBXGroup;
			children = (
				B5249A28276D007F002E79DF /* bookData.json */,
			);
			path = Resources;
			sourceTree = "<group>";
		};
		B5249A2E276D014F002E79DF /* Views */ = {
			isa = PBXGroup;
			children = (
				B5D723182759C57F00D96CAF /* ContentView.swift */,
				B531298127769B74002E22D6 /* ActiveBook.swift */,
				B5249A31276D0B96002E79DF /* LibraryRow.swift */,
				B531297C2776977D002E22D6 /* Main Views */,
				B5FA2E81276D2D4A00144E85 /* BookView.swift */,
				B53129832777D6FA002E22D6 /* ActivityPage.swift */,
				B5D7E07F277D524C00923F54 /* NoteView.swift */,
				B5622424277253C600CD451E /* Summary.swift */,
				B5312987277BBC5F002E22D6 /* RecordSession.swift */,
				B59BFF892787B24700A51196 /* AddBookView.swift */,
			);
			path = Views;
			sourceTree = "<group>";
		};
		B531297C2776977D002E22D6 /* Main Views */ = {
			isa = PBXGroup;
			children = (
				B531297A277695E4002E22D6 /* Dashboard.swift */,
				B5FA2E7F276D21DC00144E85 /* Library.swift */,
				B531297D27769980002E22D6 /* Bookmarks.swift */,
				B531297F2776998D002E22D6 /* Profile.swift */,
			);
			path = "Main Views";
			sourceTree = "<group>";
		};
		B5D7230A2759C57F00D96CAF = {
			isa = PBXGroup;
			children = (
				B59BFF862787AFBA00A51196 /* StickyBooks.xcdatamodeld */,
				B57549C427865DFA00FF7893 /* DataController.swift */,
				B5D723152759C57F00D96CAF /* StickyBooks */,
				B5D7231A2759C58000D96CAF /* Assets.xcassets */,
				B5D723262759C58000D96CAF /* StickyBooksTests */,
				B5D723302759C58000D96CAF /* StickyBooksUITests */,
				B5D723142759C57F00D96CAF /* Products */,
			);
			sourceTree = "<group>";
		};
		B5D723142759C57F00D96CAF /* Products */ = {
			isa = PBXGroup;
			children = (
				B5D723132759C57F00D96CAF /* StickyBooks.app */,
				B5D723232759C58000D96CAF /* StickyBooksTests.xctest */,
				B5D7232D2759C58000D96CAF /* StickyBooksUITests.xctest */,
			);
			name = Products;
			sourceTree = "<group>";
		};
		B5D723152759C57F00D96CAF /* StickyBooks */ = {
			isa = PBXGroup;
			children = (
				B5D723162759C57F00D96CAF /* StickyBooksApp.swift */,
				B5249A2E276D014F002E79DF /* Views */,
				B5D7231C2759C58000D96CAF /* Preview Content */,
				B5249A2D276D0135002E79DF /* Resources */,
			);
			path = StickyBooks;
			sourceTree = "<group>";
		};
		B5D7231C2759C58000D96CAF /* Preview Content */ = {
			isa = PBXGroup;
			children = (
				B5D7231D2759C58000D96CAF /* Preview Assets.xcassets */,
			);
			path = "Preview Content";
			sourceTree = "<group>";
		};
		B5D723262759C58000D96CAF /* StickyBooksTests */ = {
			isa = PBXGroup;
			children = (
				B5D723272759C58000D96CAF /* StickyBooksTests.swift */,
			);
			path = StickyBooksTests;
			sourceTree = "<group>";
		};
		B5D723302759C58000D96CAF /* StickyBooksUITests */ = {
			isa = PBXGroup;
			children = (
				B5D723312759C58000D96CAF /* StickyBooksUITests.swift */,
				B5D723332759C58000D96CAF /* StickyBooksUITestsLaunchTests.swift */,
			);
			path = StickyBooksUITests;
			sourceTree = "<group>";
		};
/* End PBXGroup section */

/* Begin PBXNativeTarget section */
		B5D723122759C57F00D96CAF /* StickyBooks */ = {
			isa = PBXNativeTarget;
			buildConfigurationList = B5D723372759C58000D96CAF /* Build configuration list for PBXNativeTarget "StickyBooks" */;
			buildPhases = (
				B5D7230F2759C57F00D96CAF /* Sources */,
				B5D723102759C57F00D96CAF /* Frameworks */,
				B5D723112759C57F00D96CAF /* Resources */,
			);
			buildRules = (
			);
			dependencies = (
			);
			name = StickyBooks;
			productName = StickyBooks;
			productReference = B5D723132759C57F00D96CAF /* StickyBooks.app */;
			productType = "com.apple.product-type.application";
		};
		B5D723222759C58000D96CAF /* StickyBooksTests */ = {
			isa = PBXNativeTarget;
			buildConfigurationList = B5D7233A2759C58000D96CAF /* Build configuration list for PBXNativeTarget "StickyBooksTests" */;
			buildPhases = (
				B5D7231F2759C58000D96CAF /* Sources */,
				B5D723202759C58000D96CAF /* Frameworks */,
				B5D723212759C58000D96CAF /* Resources */,
			);
			buildRules = (
			);
			dependencies = (
				B5D723252759C58000D96CAF /* PBXTargetDependency */,
			);
			name = StickyBooksTests;
			productName = StickyBooksTests;
			productReference = B5D723232759C58000D96CAF /* StickyBooksTests.xctest */;
			productType = "com.apple.product-type.bundle.unit-test";
		};
		B5D7232C2759C58000D96CAF /* StickyBooksUITests */ = {
			isa = PBXNativeTarget;
			buildConfigurationList = B5D7233D2759C58000D96CAF /* Build configuration list for PBXNativeTarget "StickyBooksUITests" */;
			buildPhases = (
				B5D723292759C58000D96CAF /* Sources */,
				B5D7232A2759C58000D96CAF /* Frameworks */,
				B5D7232B2759C58000D96CAF /* Resources */,
			);
			buildRules = (
			);
			dependencies = (
				B5D7232F2759C58000D96CAF /* PBXTargetDependency */,
			);
			name = StickyBooksUITests;
			productName = StickyBooksUITests;
			productReference = B5D7232D2759C58000D96CAF /* StickyBooksUITests.xctest */;
			productType = "com.apple.product-type.bundle.ui-testing";
		};
/* End PBXNativeTarget section */

/* Begin PBXProject section */
		B5D7230B2759C57F00D96CAF /* Project object */ = {
			isa = PBXProject;
			attributes = {
				BuildIndependentTargetsInParallel = 1;
				LastSwiftUpdateCheck = 1310;
				LastUpgradeCheck = 1310;
				TargetAttributes = {
					B5D723122759C57F00D96CAF = {
						CreatedOnToolsVersion = 13.1;
					};
					B5D723222759C58000D96CAF = {
						CreatedOnToolsVersion = 13.1;
						TestTargetID = B5D723122759C57F00D96CAF;
					};
					B5D7232C2759C58000D96CAF = {
						CreatedOnToolsVersion = 13.1;
						TestTargetID = B5D723122759C57F00D96CAF;
					};
				};
			};
			buildConfigurationList = B5D7230E2759C57F00D96CAF /* Build configuration list for PBXProject "StickyBooks" */;
			compatibilityVersion = "Xcode 13.0";
			developmentRegion = en;
			hasScannedForEncodings = 0;
			knownRegions = (
				en,
				Base,
			);
			mainGroup = B5D7230A2759C57F00D96CAF;
			productRefGroup = B5D723142759C57F00D96CAF /* Products */;
			projectDirPath = "";
			projectRoot = "";
			targets = (
				B5D723122759C57F00D96CAF /* StickyBooks */,
				B5D723222759C58000D96CAF /* StickyBooksTests */,
				B5D7232C2759C58000D96CAF /* StickyBooksUITests */,
			);
		};
/* End PBXProject section */

/* Begin PBXResourcesBuildPhase section */
		B5D723112759C57F00D96CAF /* Resources */ = {
			isa = PBXResourcesBuildPhase;
			buildActionMask = 2147483647;
			files = (
				B5249A29276D007F002E79DF /* bookData.json in Resources */,
				B5D7231E2759C58000D96CAF /* Preview Assets.xcassets in Resources */,
				B5D7231B2759C58000D96CAF /* Assets.xcassets in Resources */,
			);
			runOnlyForDeploymentPostprocessing = 0;
		};
		B5D723212759C58000D96CAF /* Resources */ = {
			isa = PBXResourcesBuildPhase;
			buildActionMask = 2147483647;
			files = (
			);
			runOnlyForDeploymentPostprocessing = 0;
		};
		B5D7232B2759C58000D96CAF /* Resources */ = {
			isa = PBXResourcesBuildPhase;
			buildActionMask = 2147483647;
			files = (
			);
			runOnlyForDeploymentPostprocessing = 0;
		};
/* End PBXResourcesBuildPhase section */

/* Begin PBXSourcesBuildPhase section */
		B5D7230F2759C57F00D96CAF /* Sources */ = {
			isa = PBXSourcesBuildPhase;
			buildActionMask = 2147483647;
			files = (
				B5D723192759C57F00D96CAF /* ContentView.swift in Sources */,
				B5312988277BBC5F002E22D6 /* RecordSession.swift in Sources */,
				B531297E27769980002E22D6 /* Bookmarks.swift in Sources */,
				B531298227769B74002E22D6 /* ActiveBook.swift in Sources */,
				B5D7E080277D524C00923F54 /* NoteView.swift in Sources */,
				B59BFF882787AFBA00A51196 /* StickyBooks.xcdatamodeld in Sources */,
				B57549C527865DFA00FF7893 /* DataController.swift in Sources */,
				B53129842777D6FA002E22D6 /* ActivityPage.swift in Sources */,
				B5D723172759C57F00D96CAF /* StickyBooksApp.swift in Sources */,
				B5FA2E80276D21DC00144E85 /* Library.swift in Sources */,
				B531297B277695E4002E22D6 /* Dashboard.swift in Sources */,
				B59BFF8A2787B24700A51196 /* AddBookView.swift in Sources */,
				B5249A32276D0B96002E79DF /* LibraryRow.swift in Sources */,
				B53129802776998D002E22D6 /* Profile.swift in Sources */,
				B5622425277253C600CD451E /* Summary.swift in Sources */,
				B5FA2E82276D2D4A00144E85 /* BookView.swift in Sources */,
			);
			runOnlyForDeploymentPostprocessing = 0;
		};
		B5D7231F2759C58000D96CAF /* Sources */ = {
			isa = PBXSourcesBuildPhase;
			buildActionMask = 2147483647;
			files = (
				B5D723282759C58000D96CAF /* StickyBooksTests.swift in Sources */,
			);
			runOnlyForDeploymentPostprocessing = 0;
		};
		B5D723292759C58000D96CAF /* Sources */ = {
			isa = PBXSourcesBuildPhase;
			buildActionMask = 2147483647;
			files = (
				B5D723342759C58000D96CAF /* StickyBooksUITestsLaunchTests.swift in Sources */,
				B5D723322759C58000D96CAF /* StickyBooksUITests.swift in Sources */,
			);
			runOnlyForDeploymentPostprocessing = 0;
		};
/* End PBXSourcesBuildPhase section */

/* Begin PBXTargetDependency section */
		B5D723252759C58000D96CAF /* PBXTargetDependency */ = {
			isa = PBXTargetDependency;
			target = B5D723122759C57F00D96CAF /* StickyBooks */;
			targetProxy = B5D723242759C58000D96CAF /* PBXContainerItemProxy */;
		};
		B5D7232F2759C58000D96CAF /* PBXTargetDependency */ = {
			isa = PBXTargetDependency;
			target = B5D723122759C57F00D96CAF /* StickyBooks */;
			targetProxy = B5D7232E2759C58000D96CAF /* PBXContainerItemProxy */;
		};
/* End PBXTargetDependency section */

/* Begin XCBuildConfiguration section */
		B5D723352759C58000D96CAF /* Debug */ = {
			isa = XCBuildConfiguration;
			buildSettings = {
				ALWAYS_SEARCH_USER_PATHS = NO;
				CLANG_ANALYZER_NONNULL = YES;
				CLANG_ANALYZER_NUMBER_OBJECT_CONVERSION = YES_AGGRESSIVE;
				CLANG_CXX_LANGUAGE_STANDARD = "gnu++17";
				CLANG_CXX_LIBRARY = "libc++";
				CLANG_ENABLE_MODULES = YES;
				CLANG_ENABLE_OBJC_ARC = YES;
				CLANG_ENABLE_OBJC_WEAK = YES;
				CLANG_WARN_BLOCK_CAPTURE_AUTORELEASING = YES;
				CLANG_WARN_BOOL_CONVERSION = YES;
				CLANG_WARN_COMMA = YES;
				CLANG_WARN_CONSTANT_CONVERSION = YES;
				CLANG_WARN_DEPRECATED_OBJC_IMPLEMENTATIONS = YES;
				CLANG_WARN_DIRECT_OBJC_ISA_USAGE = YES_ERROR;
				CLANG_WARN_DOCUMENTATION_COMMENTS = YES;
				CLANG_WARN_EMPTY_BODY = YES;
				CLANG_WARN_ENUM_CONVERSION = YES;
				CLANG_WARN_INFINITE_RECURSION = YES;
				CLANG_WARN_INT_CONVERSION = YES;
				CLANG_WARN_NON_LITERAL_NULL_CONVERSION = YES;
				CLANG_WARN_OBJC_IMPLICIT_RETAIN_SELF = YES;
				CLANG_WARN_OBJC_LITERAL_CONVERSION = YES;
				CLANG_WARN_OBJC_ROOT_CLASS = YES_ERROR;
				CLANG_WARN_QUOTED_INCLUDE_IN_FRAMEWORK_HEADER = YES;
				CLANG_WARN_RANGE_LOOP_ANALYSIS = YES;
				CLANG_WARN_STRICT_PROTOTYPES = YES;
				CLANG_WARN_SUSPICIOUS_MOVE = YES;
				CLANG_WARN_UNGUARDED_AVAILABILITY = YES_AGGRESSIVE;
				CLANG_WARN_UNREACHABLE_CODE = YES;
				CLANG_WARN__DUPLICATE_METHOD_MATCH = YES;
				COPY_PHASE_STRIP = NO;
				DEBUG_INFORMATION_FORMAT = dwarf;
				ENABLE_STRICT_OBJC_MSGSEND = YES;
				ENABLE_TESTABILITY = YES;
				GCC_C_LANGUAGE_STANDARD = gnu11;
				GCC_DYNAMIC_NO_PIC = NO;
				GCC_NO_COMMON_BLOCKS = YES;
				GCC_OPTIMIZATION_LEVEL = 0;
				GCC_PREPROCESSOR_DEFINITIONS = (
					"DEBUG=1",
					"$(inherited)",
				);
				GCC_WARN_64_TO_32_BIT_CONVERSION = YES;
				GCC_WARN_ABOUT_RETURN_TYPE = YES_ERROR;
				GCC_WARN_UNDECLARED_SELECTOR = YES;
				GCC_WARN_UNINITIALIZED_AUTOS = YES_AGGRESSIVE;
				GCC_WARN_UNUSED_FUNCTION = YES;
				GCC_WARN_UNUSED_VARIABLE = YES;
				IPHONEOS_DEPLOYMENT_TARGET = 15.0;
				MTL_ENABLE_DEBUG_INFO = INCLUDE_SOURCE;
				MTL_FAST_MATH = YES;
				ONLY_ACTIVE_ARCH = YES;
				SDKROOT = iphoneos;
				SWIFT_ACTIVE_COMPILATION_CONDITIONS = DEBUG;
				SWIFT_OPTIMIZATION_LEVEL = "-Onone";
			};
			name = Debug;
		};
		B5D723362759C58000D96CAF /* Release */ = {
			isa = XCBuildConfiguration;
			buildSettings = {
				ALWAYS_SEARCH_USER_PATHS = NO;
				CLANG_ANALYZER_NONNULL = YES;
				CLANG_ANALYZER_NUMBER_OBJECT_CONVERSION = YES_AGGRESSIVE;
				CLANG_CXX_LANGUAGE_STANDARD = "gnu++17";
				CLANG_CXX_LIBRARY = "libc++";
				CLANG_ENABLE_MODULES = YES;
				CLANG_ENABLE_OBJC_ARC = YES;
				CLANG_ENABLE_OBJC_WEAK = YES;
				CLANG_WARN_BLOCK_CAPTURE_AUTORELEASING = YES;
				CLANG_WARN_BOOL_CONVERSION = YES;
				CLANG_WARN_COMMA = YES;
				CLANG_WARN_CONSTANT_CONVERSION = YES;
				CLANG_WARN_DEPRECATED_OBJC_IMPLEMENTATIONS = YES;
				CLANG_WARN_DIRECT_OBJC_ISA_USAGE = YES_ERROR;
				CLANG_WARN_DOCUMENTATION_COMMENTS = YES;
				CLANG_WARN_EMPTY_BODY = YES;
				CLANG_WARN_ENUM_CONVERSION = YES;
				CLANG_WARN_INFINITE_RECURSION = YES;
				CLANG_WARN_INT_CONVERSION = YES;
				CLANG_WARN_NON_LITERAL_NULL_CONVERSION = YES;
				CLANG_WARN_OBJC_IMPLICIT_RETAIN_SELF = YES;
				CLANG_WARN_OBJC_LITERAL_CONVERSION = YES;
				CLANG_WARN_OBJC_ROOT_CLASS = YES_ERROR;
				CLANG_WARN_QUOTED_INCLUDE_IN_FRAMEWORK_HEADER = YES;
				CLANG_WARN_RANGE_LOOP_ANALYSIS = YES;
				CLANG_WARN_STRICT_PROTOTYPES = YES;
				CLANG_WARN_SUSPICIOUS_MOVE = YES;
				CLANG_WARN_UNGUARDED_AVAILABILITY = YES_AGGRESSIVE;
				CLANG_WARN_UNREACHABLE_CODE = YES;
				CLANG_WARN__DUPLICATE_METHOD_MATCH = YES;
				COPY_PHASE_STRIP = NO;
				DEBUG_INFORMATION_FORMAT = "dwarf-with-dsym";
				ENABLE_NS_ASSERTIONS = NO;
				ENABLE_STRICT_OBJC_MSGSEND = YES;
				GCC_C_LANGUAGE_STANDARD = gnu11;
				GCC_NO_COMMON_BLOCKS = YES;
				GCC_WARN_64_TO_32_BIT_CONVERSION = YES;
				GCC_WARN_ABOUT_RETURN_TYPE = YES_ERROR;
				GCC_WARN_UNDECLARED_SELECTOR = YES;
				GCC_WARN_UNINITIALIZED_AUTOS = YES_AGGRESSIVE;
				GCC_WARN_UNUSED_FUNCTION = YES;
				GCC_WARN_UNUSED_VARIABLE = YES;
				IPHONEOS_DEPLOYMENT_TARGET = 15.0;
				MTL_ENABLE_DEBUG_INFO = NO;
				MTL_FAST_MATH = YES;
				SDKROOT = iphoneos;
				SWIFT_COMPILATION_MODE = wholemodule;
				SWIFT_OPTIMIZATION_LEVEL = "-O";
				VALIDATE_PRODUCT = YES;
			};
			name = Release;
		};
		B5D723382759C58000D96CAF /* Debug */ = {
			isa = XCBuildConfiguration;
			buildSettings = {
				ASSETCATALOG_COMPILER_APPICON_NAME = AppIcon;
				ASSETCATALOG_COMPILER_GLOBAL_ACCENT_COLOR_NAME = AccentColor;
				CODE_SIGN_STYLE = Automatic;
				CURRENT_PROJECT_VERSION = 1;
				DEVELOPMENT_ASSET_PATHS = "\"StickyBooks/Preview Content\"";
				DEVELOPMENT_TEAM = GGQBTGK6VY;
				ENABLE_PREVIEWS = YES;
				GENERATE_INFOPLIST_FILE = YES;
				INFOPLIST_KEY_UIApplicationSceneManifest_Generation = YES;
				INFOPLIST_KEY_UIApplicationSupportsIndirectInputEvents = YES;
				INFOPLIST_KEY_UILaunchScreen_Generation = YES;
				INFOPLIST_KEY_UISupportedInterfaceOrientations_iPad = "UIInterfaceOrientationPortrait UIInterfaceOrientationPortraitUpsideDown UIInterfaceOrientationLandscapeLeft UIInterfaceOrientationLandscapeRight";
				INFOPLIST_KEY_UISupportedInterfaceOrientations_iPhone = "UIInterfaceOrientationPortrait UIInterfaceOrientationLandscapeLeft UIInterfaceOrientationLandscapeRight";
				LD_RUNPATH_SEARCH_PATHS = (
					"$(inherited)",
					"@executable_path/Frameworks",
				);
				MARKETING_VERSION = 1.0;
				PRODUCT_BUNDLE_IDENTIFIER = StickyHabits.StickyBooks;
				PRODUCT_NAME = "$(TARGET_NAME)";
				SWIFT_EMIT_LOC_STRINGS = YES;
				SWIFT_VERSION = 5.0;
				TARGETED_DEVICE_FAMILY = "1,2";
			};
			name = Debug;
		};
		B5D723392759C58000D96CAF /* Release */ = {
			isa = XCBuildConfiguration;
			buildSettings = {
				ASSETCATALOG_COMPILER_APPICON_NAME = AppIcon;
				ASSETCATALOG_COMPILER_GLOBAL_ACCENT_COLOR_NAME = AccentColor;
				CODE_SIGN_STYLE = Automatic;
				CURRENT_PROJECT_VERSION = 1;
				DEVELOPMENT_ASSET_PATHS = "\"StickyBooks/Preview Content\"";
				DEVELOPMENT_TEAM = GGQBTGK6VY;
				ENABLE_PREVIEWS = YES;
				GENERATE_INFOPLIST_FILE = YES;
				INFOPLIST_KEY_UIApplicationSceneManifest_Generation = YES;
				INFOPLIST_KEY_UIApplicationSupportsIndirectInputEvents = YES;
				INFOPLIST_KEY_UILaunchScreen_Generation = YES;
				INFOPLIST_KEY_UISupportedInterfaceOrientations_iPad = "UIInterfaceOrientationPortrait UIInterfaceOrientationPortraitUpsideDown UIInterfaceOrientationLandscapeLeft UIInterfaceOrientationLandscapeRight";
				INFOPLIST_KEY_UISupportedInterfaceOrientations_iPhone = "UIInterfaceOrientationPortrait UIInterfaceOrientationLandscapeLeft UIInterfaceOrientationLandscapeRight";
				LD_RUNPATH_SEARCH_PATHS = (
					"$(inherited)",
					"@executable_path/Frameworks",
				);
				MARKETING_VERSION = 1.0;
				PRODUCT_BUNDLE_IDENTIFIER = StickyHabits.StickyBooks;
				PRODUCT_NAME = "$(TARGET_NAME)";
				SWIFT_EMIT_LOC_STRINGS = YES;
				SWIFT_VERSION = 5.0;
				TARGETED_DEVICE_FAMILY = "1,2";
			};
			name = Release;
		};
		B5D7233B2759C58000D96CAF /* Debug */ = {
			isa = XCBuildConfiguration;
			buildSettings = {
				ALWAYS_EMBED_SWIFT_STANDARD_LIBRARIES = YES;
				BUNDLE_LOADER = "$(TEST_HOST)";
				CODE_SIGN_STYLE = Automatic;
				CURRENT_PROJECT_VERSION = 1;
				DEVELOPMENT_TEAM = GGQBTGK6VY;
				GENERATE_INFOPLIST_FILE = YES;
				IPHONEOS_DEPLOYMENT_TARGET = 15.0;
				LD_RUNPATH_SEARCH_PATHS = (
					"$(inherited)",
					"@executable_path/Frameworks",
					"@loader_path/Frameworks",
				);
				MARKETING_VERSION = 1.0;
				PRODUCT_BUNDLE_IDENTIFIER = StickyHabits.StickyBooksTests;
				PRODUCT_NAME = "$(TARGET_NAME)";
				SWIFT_EMIT_LOC_STRINGS = NO;
				SWIFT_VERSION = 5.0;
				TARGETED_DEVICE_FAMILY = "1,2";
				TEST_HOST = "$(BUILT_PRODUCTS_DIR)/StickyBooks.app/StickyBooks";
			};
			name = Debug;
		};
		B5D7233C2759C58000D96CAF /* Release */ = {
			isa = XCBuildConfiguration;
			buildSettings = {
				ALWAYS_EMBED_SWIFT_STANDARD_LIBRARIES = YES;
				BUNDLE_LOADER = "$(TEST_HOST)";
				CODE_SIGN_STYLE = Automatic;
				CURRENT_PROJECT_VERSION = 1;
				DEVELOPMENT_TEAM = GGQBTGK6VY;
				GENERATE_INFOPLIST_FILE = YES;
				IPHONEOS_DEPLOYMENT_TARGET = 15.0;
				LD_RUNPATH_SEARCH_PATHS = (
					"$(inherited)",
					"@executable_path/Frameworks",
					"@loader_path/Frameworks",
				);
				MARKETING_VERSION = 1.0;
				PRODUCT_BUNDLE_IDENTIFIER = StickyHabits.StickyBooksTests;
				PRODUCT_NAME = "$(TARGET_NAME)";
				SWIFT_EMIT_LOC_STRINGS = NO;
				SWIFT_VERSION = 5.0;
				TARGETED_DEVICE_FAMILY = "1,2";
				TEST_HOST = "$(BUILT_PRODUCTS_DIR)/StickyBooks.app/StickyBooks";
			};
			name = Release;
		};
		B5D7233E2759C58000D96CAF /* Debug */ = {
			isa = XCBuildConfiguration;
			buildSettings = {
				ALWAYS_EMBED_SWIFT_STANDARD_LIBRARIES = YES;
				CODE_SIGN_STYLE = Automatic;
				CURRENT_PROJECT_VERSION = 1;
				DEVELOPMENT_TEAM = GGQBTGK6VY;
				GENERATE_INFOPLIST_FILE = YES;
				LD_RUNPATH_SEARCH_PATHS = (
					"$(inherited)",
					"@executable_path/Frameworks",
					"@loader_path/Frameworks",
				);
				MARKETING_VERSION = 1.0;
				PRODUCT_BUNDLE_IDENTIFIER = StickyHabits.StickyBooksUITests;
				PRODUCT_NAME = "$(TARGET_NAME)";
				SWIFT_EMIT_LOC_STRINGS = NO;
				SWIFT_VERSION = 5.0;
				TARGETED_DEVICE_FAMILY = "1,2";
				TEST_TARGET_NAME = StickyBooks;
			};
			name = Debug;
		};
		B5D7233F2759C58000D96CAF /* Release */ = {
			isa = XCBuildConfiguration;
			buildSettings = {
				ALWAYS_EMBED_SWIFT_STANDARD_LIBRARIES = YES;
				CODE_SIGN_STYLE = Automatic;
				CURRENT_PROJECT_VERSION = 1;
				DEVELOPMENT_TEAM = GGQBTGK6VY;
				GENERATE_INFOPLIST_FILE = YES;
				LD_RUNPATH_SEARCH_PATHS = (
					"$(inherited)",
					"@executable_path/Frameworks",
					"@loader_path/Frameworks",
				);
				MARKETING_VERSION = 1.0;
				PRODUCT_BUNDLE_IDENTIFIER = StickyHabits.StickyBooksUITests;
				PRODUCT_NAME = "$(TARGET_NAME)";
				SWIFT_EMIT_LOC_STRINGS = NO;
				SWIFT_VERSION = 5.0;
				TARGETED_DEVICE_FAMILY = "1,2";
				TEST_TARGET_NAME = StickyBooks;
			};
			name = Release;
		};
/* End XCBuildConfiguration section */

/* Begin XCConfigurationList section */
		B5D7230E2759C57F00D96CAF /* Build configuration list for PBXProject "StickyBooks" */ = {
			isa = XCConfigurationList;
			buildConfigurations = (
				B5D723352759C58000D96CAF /* Debug */,
				B5D723362759C58000D96CAF /* Release */,
			);
			defaultConfigurationIsVisible = 0;
			defaultConfigurationName = Release;
		};
		B5D723372759C58000D96CAF /* Build configuration list for PBXNativeTarget "StickyBooks" */ = {
			isa = XCConfigurationList;
			buildConfigurations = (
				B5D723382759C58000D96CAF /* Debug */,
				B5D723392759C58000D96CAF /* Release */,
			);
			defaultConfigurationIsVisible = 0;
			defaultConfigurationName = Release;
		};
		B5D7233A2759C58000D96CAF /* Build configuration list for PBXNativeTarget "StickyBooksTests" */ = {
			isa = XCConfigurationList;
			buildConfigurations = (
				B5D7233B2759C58000D96CAF /* Debug */,
				B5D7233C2759C58000D96CAF /* Release */,
			);
			defaultConfigurationIsVisible = 0;
			defaultConfigurationName = Release;
		};
		B5D7233D2759C58000D96CAF /* Build configuration list for PBXNativeTarget "StickyBooksUITests" */ = {
			isa = XCConfigurationList;
			buildConfigurations = (
				B5D7233E2759C58000D96CAF /* Debug */,
				B5D7233F2759C58000D96CAF /* Release */,
			);
			defaultConfigurationIsVisible = 0;
			defaultConfigurationName = Release;
		};
/* End XCConfigurationList section */

/* Begin XCVersionGroup section */
		B59BFF862787AFBA00A51196 /* StickyBooks.xcdatamodeld */ = {
			isa = XCVersionGroup;
			children = (
				B59BFF872787AFBA00A51196 /* StickyBooks.xcdatamodel */,
			);
			currentVersion = B59BFF872787AFBA00A51196 /* StickyBooks.xcdatamodel */;
			path = StickyBooks.xcdatamodeld;
			sourceTree = "<group>";
			versionGroupType = wrapper.xcdatamodel;
		};
/* End XCVersionGroup section */
	};
	rootObject = B5D7230B2759C57F00D96CAF /* Project object */;
}
